// !$*UTF8*$!
{
	archiveVersion = 1;
	classes = {
	};
	objectVersion = 46;
	objects = {

/* Begin PBXBuildFile section */
		84FA0C9C1B0476760025493C /* AppDelegate.swift in Sources */ = {isa = PBXBuildFile; fileRef = 84FA0C9B1B0476760025493C /* AppDelegate.swift */; };
		84FA0C9E1B0476760025493C /* ViewController.swift in Sources */ = {isa = PBXBuildFile; fileRef = 84FA0C9D1B0476760025493C /* ViewController.swift */; };
		84FA0CA11B0476760025493C /* Main.storyboard in Resources */ = {isa = PBXBuildFile; fileRef = 84FA0C9F1B0476760025493C /* Main.storyboard */; };
		84FA0CA31B0476760025493C /* Images.xcassets in Resources */ = {isa = PBXBuildFile; fileRef = 84FA0CA21B0476760025493C /* Images.xcassets */; };
		84FA0CA61B0476760025493C /* LaunchScreen.xib in Resources */ = {isa = PBXBuildFile; fileRef = 84FA0CA41B0476760025493C /* LaunchScreen.xib */; };
		84FA0CB21B0476760025493C /* S03Tests.swift in Sources */ = {isa = PBXBuildFile; fileRef = 84FA0CB11B0476760025493C /* S03Tests.swift */; };
/* End PBXBuildFile section */

/* Begin PBXContainerItemProxy section */
		84FA0CAC1B0476760025493C /* PBXContainerItemProxy */ = {
			isa = PBXContainerItemProxy;
			containerPortal = 84FA0C8E1B0476760025493C /* Project object */;
			proxyType = 1;
			remoteGlobalIDString = 84FA0C951B0476760025493C;
			remoteInfo = S03;
		};
/* End PBXContainerItemProxy section */

/* Begin PBXFileReference section */
		84FA0C961B0476760025493C /* S03.app */ = {isa = PBXFileReference; explicitFileType = wrapper.application; includeInIndex = 0; path = S03.app; sourceTree = BUILT_PRODUCTS_DIR; };
		84FA0C9A1B0476760025493C /* Info.plist */ = {isa = PBXFileReference; lastKnownFileType = text.plist.xml; path = Info.plist; sourceTree = "<group>"; };
		84FA0C9B1B0476760025493C /* AppDelegate.swift */ = {isa = PBXFileReference; lastKnownFileType = sourcecode.swift; path = AppDelegate.swift; sourceTree = "<group>"; };
		84FA0C9D1B0476760025493C /* ViewController.swift */ = {isa = PBXFileReference; lastKnownFileType = sourcecode.swift; path = ViewController.swift; sourceTree = "<group>"; };
		84FA0CA01B0476760025493C /* Base */ = {isa = PBXFileReference; lastKnownFileType = file.storyboard; name = Base; path = Base.lproj/Main.storyboard; sourceTree = "<group>"; };
		84FA0CA21B0476760025493C /* Images.xcassets */ = {isa = PBXFileReference; lastKnownFileType = folder.assetcatalog; path = Images.xcassets; sourceTree = "<group>"; };
		84FA0CA51B0476760025493C /* Base */ = {isa = PBXFileReference; lastKnownFileType = file.xib; name = Base; path = Base.lproj/LaunchScreen.xib; sourceTree = "<group>"; };
		84FA0CAB1B0476760025493C /* S03Tests.xctest */ = {isa = PBXFileReference; explicitFileType = wrapper.cfbundle; includeInIndex = 0; path = S03Tests.xctest; sourceTree = BUILT_PRODUCTS_DIR; };
		84FA0CB01B0476760025493C /* Info.plist */ = {isa = PBXFileReference; lastKnownFileType = text.plist.xml; path = Info.plist; sourceTree = "<group>"; };
		84FA0CB11B0476760025493C /* S03Tests.swift */ = {isa = PBXFileReference; lastKnownFileType = sourcecode.swift; path = S03Tests.swift; sourceTree = "<group>"; };
/* End PBXFileReference section */

/* Begin PBXFrameworksBuildPhase section */
		84FA0C931B0476760025493C /* Frameworks */ = {
			isa = PBXFrameworksBuildPhase;
			buildActionMask = 2147483647;
			files = (
			);
			runOnlyForDeploymentPostprocessing = 0;
		};
		84FA0CA81B0476760025493C /* Frameworks */ = {
			isa = PBXFrameworksBuildPhase;
			buildActionMask = 2147483647;
			files = (
			);
			runOnlyForDeploymentPostprocessing = 0;
		};
/* End PBXFrameworksBuildPhase section */

/* Begin PBXGroup section */
		84FA0C8D1B0476760025493C = {
			isa = PBXGroup;
			children = (
				84FA0C981B0476760025493C /* S03 */,
				84FA0CAE1B0476760025493C /* S03Tests */,
				84FA0C971B0476760025493C /* Products */,
			);
			sourceTree = "<group>";
		};
		84FA0C971B0476760025493C /* Products */ = {
			isa = PBXGroup;
			children = (
				84FA0C961B0476760025493C /* S03.app */,
				84FA0CAB1B0476760025493C /* S03Tests.xctest */,
			);
			name = Products;
			sourceTree = "<group>";
		};
		84FA0C981B0476760025493C /* S03 */ = {
			isa = PBXGroup;
			children = (
				84FA0C9B1B0476760025493C /* AppDelegate.swift */,
				84FA0C9D1B0476760025493C /* ViewController.swift */,
				84FA0C9F1B0476760025493C /* Main.storyboard */,
				84FA0CA21B0476760025493C /* Images.xcassets */,
				84FA0CA41B0476760025493C /* LaunchScreen.xib */,
				84FA0C991B0476760025493C /* Supporting Files */,
			);
			path = S03;
			sourceTree = "<group>";
		};
		84FA0C991B0476760025493C /* Supporting Files */ = {
			isa = PBXGroup;
			children = (
				84FA0C9A1B0476760025493C /* Info.plist */,
			);
			name = "Supporting Files";
			sourceTree = "<group>";
		};
		84FA0CAE1B0476760025493C /* S03Tests */ = {
			isa = PBXGroup;
			children = (
				84FA0CB11B0476760025493C /* S03Tests.swift */,
				84FA0CAF1B0476760025493C /* Supporting Files */,
			);
			path = S03Tests;
			sourceTree = "<group>";
		};
		84FA0CAF1B0476760025493C /* Supporting Files */ = {
			isa = PBXGroup;
			children = (
				84FA0CB01B0476760025493C /* Info.plist */,
			);
			name = "Supporting Files";
			sourceTree = "<group>";
		};
/* End PBXGroup section */

/* Begin PBXNativeTarget section */
		84FA0C951B0476760025493C /* S03 */ = {
			isa = PBXNativeTarget;
			buildConfigurationList = 84FA0CB51B0476760025493C /* Build configuration list for PBXNativeTarget "S03" */;
			buildPhases = (
				84FA0C921B0476760025493C /* Sources */,
				84FA0C931B0476760025493C /* Frameworks */,
				84FA0C941B0476760025493C /* Resources */,
			);
			buildRules = (
			);
			dependencies = (
			);
			name = S03;
			productName = S03;
			productReference = 84FA0C961B0476760025493C /* S03.app */;
			productType = "com.apple.product-type.application";
		};
		84FA0CAA1B0476760025493C /* S03Tests */ = {
			isa = PBXNativeTarget;
			buildConfigurationList = 84FA0CB81B0476760025493C /* Build configuration list for PBXNativeTarget "S03Tests" */;
			buildPhases = (
				84FA0CA71B0476760025493C /* Sources */,
				84FA0CA81B0476760025493C /* Frameworks */,
				84FA0CA91B0476760025493C /* Resources */,
			);
			buildRules = (
			);
			dependencies = (
				84FA0CAD1B0476760025493C /* PBXTargetDependency */,
			);
			name = S03Tests;
			productName = S03Tests;
			productReference = 84FA0CAB1B0476760025493C /* S03Tests.xctest */;
			productType = "com.apple.product-type.bundle.unit-test";
		};
/* End PBXNativeTarget section */

/* Begin PBXProject section */
		84FA0C8E1B0476760025493C /* Project object */ = {
			isa = PBXProject;
			attributes = {
				LastUpgradeCheck = 0630;
				ORGANIZATIONNAME = "耿小泰";
				TargetAttributes = {
					84FA0C951B0476760025493C = {
						CreatedOnToolsVersion = 6.3;
					};
					84FA0CAA1B0476760025493C = {
						CreatedOnToolsVersion = 6.3;
						TestTargetID = 84FA0C951B0476760025493C;
					};
				};
			};
			buildConfigurationList = 84FA0C911B0476760025493C /* Build configuration list for PBXProject "S03" */;
			compatibilityVersion = "Xcode 3.2";
			developmentRegion = English;
			hasScannedForEncodings = 0;
			knownRegions = (
				en,
				Base,
			);
			mainGroup = 84FA0C8D1B0476760025493C;
			productRefGroup = 84FA0C971B0476760025493C /* Products */;
			projectDirPath = "";
			projectRoot = "";
			targets = (
				84FA0C951B0476760025493C /* S03 */,
				84FA0CAA1B0476760025493C /* S03Tests */,
			);
		};
/* End PBXProject section */

/* Begin PBXResourcesBuildPhase section */
		84FA0C941B0476760025493C /* Resources */ = {
			isa = PBXResourcesBuildPhase;
			buildActionMask = 2147483647;
			files = (
				84FA0CA11B0476760025493C /* Main.storyboard in Resources */,
				84FA0CA61B0476760025493C /* LaunchScreen.xib in Resources */,
				84FA0CA31B0476760025493C /* Images.xcassets in Resources */,
			);
			runOnlyForDeploymentPostprocessing = 0;
		};
		84FA0CA91B0476760025493C /* Resources */ = {
			isa = PBXResourcesBuildPhase;
			buildActionMask = 2147483647;
			files = (
			);
			runOnlyForDeploymentPostprocessing = 0;
		};
/* End PBXResourcesBuildPhase section */

/* Begin PBXSourcesBuildPhase section */
		84FA0C921B0476760025493C /* Sources */ = {
			isa = PBXSourcesBuildPhase;
			buildActionMask = 2147483647;
			files = (
				84FA0C9E1B0476760025493C /* ViewController.swift in Sources */,
				84FA0C9C1B0476760025493C /* AppDelegate.swift in Sources */,
			);
			runOnlyForDeploymentPostprocessing = 0;
		};
		84FA0CA71B0476760025493C /* Sources */ = {
			isa = PBXSourcesBuildPhase;
			buildActionMask = 2147483647;
			files = (
				84FA0CB21B0476760025493C /* S03Tests.swift in Sources */,
			);
			runOnlyForDeploymentPostprocessing = 0;
		};
/* End PBXSourcesBuildPhase section */

/* Begin PBXTargetDependency section */
		84FA0CAD1B0476760025493C /* PBXTargetDependency */ = {
			isa = PBXTargetDependency;
			target = 84FA0C951B0476760025493C /* S03 */;
			targetProxy = 84FA0CAC1B0476760025493C /* PBXContainerItemProxy */;
		};
/* End PBXTargetDependency section */

/* Begin PBXVariantGroup section */
		84FA0C9F1B0476760025493C /* Main.storyboard */ = {
			isa = PBXVariantGroup;
			children = (
				84FA0CA01B0476760025493C /* Base */,
			);
			name = Main.storyboard;
			sourceTree = "<group>";
		};
		84FA0CA41B0476760025493C /* LaunchScreen.xib */ = {
			isa = PBXVariantGroup;
			children = (
				84FA0CA51B0476760025493C /* Base */,
			);
			name = LaunchScreen.xib;
			sourceTree = "<group>";
		};
/* End PBXVariantGroup section */

/* Begin XCBuildConfiguration section */
		84FA0CB31B0476760025493C /* Debug */ = {
			isa = XCBuildConfiguration;
			buildSettings = {
				ALWAYS_SEARCH_USER_PATHS = NO;
				CLANG_CXX_LANGUAGE_STANDARD = "gnu++0x";
				CLANG_CXX_LIBRARY = "libc++";
				CLANG_ENABLE_MODULES = YES;
				CLANG_ENABLE_OBJC_ARC = YES;
				CLANG_WARN_BOOL_CONVERSION = YES;
				CLANG_WARN_CONSTANT_CONVERSION = YES;
				CLANG_WARN_DIRECT_OBJC_ISA_USAGE = YES_ERROR;
				CLANG_WARN_EMPTY_BODY = YES;
				CLANG_WARN_ENUM_CONVERSION = YES;
				CLANG_WARN_INT_CONVERSION = YES;
				CLANG_WARN_OBJC_ROOT_CLASS = YES_ERROR;
				CLANG_WARN_UNREACHABLE_CODE = YES;
				CLANG_WARN__DUPLICATE_METHOD_MATCH = YES;
				"CODE_SIGN_IDENTITY[sdk=iphoneos*]" = "iPhone Developer";
				COPY_PHASE_STRIP = NO;
				DEBUG_INFORMATION_FORMAT = "dwarf-with-dsym";
				ENABLE_STRICT_OBJC_MSGSEND = YES;
				GCC_C_LANGUAGE_STANDARD = gnu99;
				GCC_DYNAMIC_NO_PIC = NO;
				GCC_NO_COMMON_BLOCKS = YES;
				GCC_OPTIMIZATION_LEVEL = 0;
				GCC_PREPROCESSOR_DEFINITIONS = (
					"DEBUG=1",
					"$(inherited)",
				);
				GCC_SYMBOLS_PRIVATE_EXTERN = NO;
				GCC_WARN_64_TO_32_BIT_CONVERSION = YES;
				GCC_WARN_ABOUT_RETURN_TYPE = YES_ERROR;
				GCC_WARN_UNDECLARED_SELECTOR = YES;
				GCC_WARN_UNINITIALIZED_AUTOS = YES_AGGRESSIVE;
				GCC_WARN_UNUSED_FUNCTION = YES;
				GCC_WARN_UNUSED_VARIABLE = YES;
				IPHONEOS_DEPLOYMENT_TARGET = 8.3;
				MTL_ENABLE_DEBUG_INFO = YES;
				ONLY_ACTIVE_ARCH = YES;
				SDKROOT = iphoneos;
				SWIFT_OPTIMIZATION_LEVEL = "-Onone";
			};
			name = Debug;
		};
		84FA0CB41B0476760025493C /* Release */ = {
			isa = XCBuildConfiguration;
			buildSettings = {
				ALWAYS_SEARCH_USER_PATHS = NO;
				CLANG_CXX_LANGUAGE_STANDARD = "gnu++0x";
				CLANG_CXX_LIBRARY = "libc++";
				CLANG_ENABLE_MODULES = YES;
				CLANG_ENABLE_OBJC_ARC = YES;
				CLANG_WARN_BOOL_CONVERSION = YES;
				CLANG_WARN_CONSTANT_CONVERSION = YES;
				CLANG_WARN_DIRECT_OBJC_ISA_USAGE = YES_ERROR;
				CLANG_WARN_EMPTY_BODY = YES;
				CLANG_WARN_ENUM_CONVERSION = YES;
				CLANG_WARN_INT_CONVERSION = YES;
				CLANG_WARN_OBJC_ROOT_CLASS = YES_ERROR;
				CLANG_WARN_UNREACHABLE_CODE = YES;
				CLANG_WARN__DUPLICATE_METHOD_MATCH = YES;
				"CODE_SIGN_IDENTITY[sdk=iphoneos*]" = "iPhone Developer";
				COPY_PHASE_STRIP = NO;
				DEBUG_INFORMATION_FORMAT = "dwarf-with-dsym";
				ENABLE_NS_ASSERTIONS = NO;
				ENABLE_STRICT_OBJC_MSGSEND = YES;
				GCC_C_LANGUAGE_STANDARD = gnu99;
				GCC_NO_COMMON_BLOCKS = YES;
				GCC_WARN_64_TO_32_BIT_CONVERSION = YES;
				GCC_WARN_ABOUT_RETURN_TYPE = YES_ERROR;
				GCC_WARN_UNDECLARED_SELECTOR = YES;
				GCC_WARN_UNINITIALIZED_AUTOS = YES_AGGRESSIVE;
				GCC_WARN_UNUSED_FUNCTION = YES;
				GCC_WARN_UNUSED_VARIABLE = YES;
				IPHONEOS_DEPLOYMENT_TARGET = 8.3;
				MTL_ENABLE_DEBUG_INFO = NO;
				SDKROOT = iphoneos;
				VALIDATE_PRODUCT = YES;
			};
			name = Release;
		};
		84FA0CB61B0476760025493C /* Debug */ = {
			isa = XCBuildConfiguration;
			buildSettings = {
				ASSETCATALOG_COMPILER_APPICON_NAME = AppIcon;
				INFOPLIST_FILE = S03/Info.plist;
				LD_RUNPATH_SEARCH_PATHS = "$(inherited) @executable_path/Frameworks";
				PRODUCT_NAME = "$(TARGET_NAME)";
			};
			name = Debug;
		};
		84FA0CB71B0476760025493C /* Release */ = {
			isa = XCBuildConfiguration;
			buildSettings = {
				ASSETCATALOG_COMPILER_APPICON_NAME = AppIcon;
				INFOPLIST_FILE = S03/Info.plist;
				LD_RUNPATH_SEARCH_PATHS = "$(inherited) @executable_path/Frameworks";
				PRODUCT_NAME = "$(TARGET_NAME)";
			};
			name = Release;
		};
		84FA0CB91B0476760025493C /* Debug */ = {
			isa = XCBuildConfiguration;
			buildSettings = {
				BUNDLE_LOADER = "$(TEST_HOST)";
				FRAMEWORK_SEARCH_PATHS = (
					"$(SDKROOT)/Developer/Library/Frameworks",
					"$(inherited)",
				);
				GCC_PREPROCESSOR_DEFINITIONS = (
					"DEBUG=1",
					"$(inherited)",
				);
				INFOPLIST_FILE = S03Tests/Info.plist;
				LD_RUNPATH_SEARCH_PATHS = "$(inherited) @executable_path/Frameworks @loader_path/Frameworks";
				PRODUCT_NAME = "$(TARGET_NAME)";
				TEST_HOST = "$(BUILT_PRODUCTS_DIR)/S03.app/S03";
			};
			name = Debug;
		};
		84FA0CBA1B0476760025493C /* Release */ = {
			isa = XCBuildConfiguration;
			buildSettings = {
				BUNDLE_LOADER = "$(TEST_HOST)";
				FRAMEWORK_SEARCH_PATHS = (
					"$(SDKROOT)/Developer/Library/Frameworks",
					"$(inherited)",
				);
				INFOPLIST_FILE = S03Tests/Info.plist;
				LD_RUNPATH_SEARCH_PATHS = "$(inherited) @executable_path/Frameworks @loader_path/Frameworks";
				PRODUCT_NAME = "$(TARGET_NAME)";
				TEST_HOST = "$(BUILT_PRODUCTS_DIR)/S03.app/S03";
			};
			name = Release;
		};
/* End XCBuildConfiguration section */

/* Begin XCConfigurationList section */
		84FA0C911B0476760025493C /* Build configuration list for PBXProject "S03" */ = {
			isa = XCConfigurationList;
			buildConfigurations = (
				84FA0CB31B0476760025493C /* Debug */,
				84FA0CB41B0476760025493C /* Release */,
			);
			defaultConfigurationIsVisible = 0;
			defaultConfigurationName = Release;
		};
		84FA0CB51B0476760025493C /* Build configuration list for PBXNativeTarget "S03" */ = {
			isa = XCConfigurationList;
			buildConfigurations = (
				84FA0CB61B0476760025493C /* Debug */,
				84FA0CB71B0476760025493C /* Release */,
			);
			defaultConfigurationIsVisible = 0;
		};
		84FA0CB81B0476760025493C /* Build configuration list for PBXNativeTarget "S03Tests" */ = {
			isa = XCConfigurationList;
			buildConfigurations = (
				84FA0CB91B0476760025493C /* Debug */,
				84FA0CBA1B0476760025493C /* Release */,
			);
			defaultConfigurationIsVisible = 0;
		};
/* End XCConfigurationList section */
	};
	rootObject = 84FA0C8E1B0476760025493C /* Project object */;
}
